Microsoft Visual Studio Solution File, Format Version 11.00
# Visual Studio 2008

Project("{765EB531-10A2-99E6-50F1-ABF08838E89F}") = "vrws0127", "Assembly-CSharp.csproj", "{59BB74EE-8572-48A8-33ED-9A46CE280C30}"
EndProject
Global
	GlobalSection(SolutionConfigurationPlatforms) = preSolution
		Debug|Any CPU = Debug|Any CPU
		Release|Any CPU = Release|Any CPU
	EndGlobalSection
	GlobalSection(ProjectConfigurationPlatforms) = postSolution
		{59BB74EE-8572-48A8-33ED-9A46CE280C30}.Debug|Any CPU.ActiveCfg = Debug|Any CPU
		{59BB74EE-8572-48A8-33ED-9A46CE280C30}.Debug|Any CPU.Build.0 = Debug|Any CPU
		{59BB74EE-8572-48A8-33ED-9A46CE280C30}.Release|Any CPU.ActiveCfg = Release|Any CPU
		{59BB74EE-8572-48A8-33ED-9A46CE280C30}.Release|Any CPU.Build.0 = Release|Any CPU
	EndGlobalSection
	GlobalSection(SolutionProperties) = preSolution
		HideSolutionNode = FALSE
	EndGlobalSection
	GlobalSection(MonoDevelopProperties) = preSolution
		StartupItem = Assembly-CSharp.csproj
	EndGlobalSection
EndGlobal
